
Microsoft Visual Studio Solution File, Format Version 12.00
# Visual Studio Version 17
VisualStudioVersion = 17.9.34723.18
MinimumVisualStudioVersion = 10.0.40219.1
Project("{FAE04EC0-301F-11D3-BF4B-00C04F79EFBC}") = "AroundTheWorldColliderVisualizer", "AroundTheWorldColliderVisualizer\AroundTheWorldColliderVisualizer.csproj", "{20C352C2-2751-4980-A3F3-401EE64FAAC2}"
EndProject
Global
	GlobalSection(SolutionConfigurationPlatforms) = preSolution
		Debug|Any CPU = Debug|Any CPU
		Release|Any CPU = Release|Any CPU
	EndGlobalSection
	GlobalSection(ProjectConfigurationPlatforms) = postSolution
		{20C352C2-2751-4980-A3F3-401EE64FAAC2}.Debug|Any CPU.ActiveCfg = Debug|Any CPU
		{20C352C2-2751-4980-A3F3-401EE64FAAC2}.Debug|Any CPU.Build.0 = Debug|Any CPU
		{20C352C2-2751-4980-A3F3-401EE64FAAC2}.Release|Any CPU.ActiveCfg = Release|Any CPU
		{20C352C2-2751-4980-A3F3-401EE64FAAC2}.Release|Any CPU.Build.0 = Release|Any CPU
	EndGlobalSection
	GlobalSection(SolutionProperties) = preSolution
		HideSolutionNode = FALSE
	EndGlobalSection
	GlobalSection(ExtensibilityGlobals) = postSolution
		SolutionGuid = {40ACC9EF-7AAB-4ECD-B871-87529800FC41}
	EndGlobalSection
EndGlobal
